
Microsoft Visual Studio Solution File, Format Version 12.00
# Visual Studio 15
VisualStudioVersion = 15.0.28010.2046
MinimumVisualStudioVersion = 10.0.40219.1
Project("{FAE04EC0-301F-11D3-BF4B-00C04F79EFBC}") = "Inh", "Inh\Inh.csproj", "{2C3CF617-5049-4BAA-86C8-0A77BDB350FF}"
EndProject
Global
	GlobalSection(SolutionConfigurationPlatforms) = preSolution
		Debug|Any CPU = Debug|Any CPU
		Release|Any CPU = Release|Any CPU
	EndGlobalSection
	GlobalSection(ProjectConfigurationPlatforms) = postSolution
		{2C3CF617-5049-4BAA-86C8-0A77BDB350FF}.Debug|Any CPU.ActiveCfg = Debug|Any CPU
		{2C3CF617-5049-4BAA-86C8-0A77BDB350FF}.Debug|Any CPU.Build.0 = Debug|Any CPU
		{2C3CF617-5049-4BAA-86C8-0A77BDB350FF}.Release|Any CPU.ActiveCfg = Release|Any CPU
		{2C3CF617-5049-4BAA-86C8-0A77BDB350FF}.Release|Any CPU.Build.0 = Release|Any CPU
	EndGlobalSection
	GlobalSection(SolutionProperties) = preSolution
		HideSolutionNode = FALSE
	EndGlobalSection
	GlobalSection(ExtensibilityGlobals) = postSolution
		SolutionGuid = {4D4288B4-AB1D-4DB7-9372-B83695F15251}
	EndGlobalSection
EndGlobal
